
Microsoft Visual Studio Solution File, Format Version 12.00
# Visual Studio Version 16
VisualStudioVersion = 16.0.30225.117
MinimumVisualStudioVersion = 10.0.40219.1
Project("{9A19103F-16F7-4668-BE54-9A1E7A4F7556}") = "FoodDeliveryApp", "FoodDeliveryApp\FoodDeliveryApp\FoodDeliveryApp.csproj", "{48FEC7D1-DC35-4076-9000-09A0B1FAB35A}"
EndProject
Project("{FAE04EC0-301F-11D3-BF4B-00C04F79EFBC}") = "FoodDeliveryApp.Android", "FoodDeliveryApp\FoodDeliveryApp.Android\FoodDeliveryApp.Android.csproj", "{BC6E98DA-051E-4B55-8206-0AEEB2ED9EBC}"
EndProject
Project("{9A19103F-16F7-4668-BE54-9A1E7A4F7556}") = "FoodDeliveryApp.Models", "FoodDeliveryApp.Models\FoodDeliveryApp.Models.csproj", "{1BCD99D1-A345-4538-ACF1-C16C8EA56FF5}"
EndProject
Project("{9A19103F-16F7-4668-BE54-9A1E7A4F7556}") = "FoodDeliveryApp.Db.Context", "FoodDeliveryApp.DbContext\FoodDeliveryApp.Db.Context.csproj", "{F149DAB7-9FEF-4F96-9517-D93F1DB226C5}"
EndProject
Project("{9A19103F-16F7-4668-BE54-9A1E7A4F7556}") = "FoodDeliveryApp.Db.Repositories.Contracts", "FoodDeliveryApp.Db.Repositories.Contracts\FoodDeliveryApp.Db.Repositories.Contracts.csproj", "{D602905B-0B5C-40BC-A30B-9B2265B06C79}"
EndProject
Project("{9A19103F-16F7-4668-BE54-9A1E7A4F7556}") = "FoodDeliveryApp.Db.Repositories.Implementation", "FoodDeliveryApp.Db.Repositories.Implementation\FoodDeliveryApp.Db.Repositories.Implementation.csproj", "{FC6A3115-3144-4B40-86AD-EFCA386F051E}"
EndProject
Project("{FAE04EC0-301F-11D3-BF4B-00C04F79EFBC}") = "FoodDeliveryApp.Web.Api", "FoodDeliveryApp.Web.Api\FoodDeliveryApp.Web.Api.csproj", "{542A7693-7234-46BA-856A-DC52D207E207}"
EndProject
Project("{FAE04EC0-301F-11D3-BF4B-00C04F79EFBC}") = "FoodDeliveryApp.Web.Managers.Contracts", "FoodDeliveryApp.Web.Managers.Contracts\FoodDeliveryApp.Web.Managers.Contracts.csproj", "{C0900683-E271-4E49-91FB-BBA7BFB00093}"
EndProject
Project("{FAE04EC0-301F-11D3-BF4B-00C04F79EFBC}") = "FoodDeliveryApp.Web.Managers.Implementation", "FoodDeliveryApp.Web.Managers.Implementation\FoodDeliveryApp.Web.Managers.Implementation.csproj", "{8AE0B67D-ECE4-474F-A85C-927D7B69BB44}"
EndProject
Global
	GlobalSection(SolutionConfigurationPlatforms) = preSolution
		Debug|Any CPU = Debug|Any CPU
		Release|Any CPU = Release|Any CPU
	EndGlobalSection
	GlobalSection(ProjectConfigurationPlatforms) = postSolution
		{48FEC7D1-DC35-4076-9000-09A0B1FAB35A}.Debug|Any CPU.ActiveCfg = Debug|Any CPU
		{48FEC7D1-DC35-4076-9000-09A0B1FAB35A}.Debug|Any CPU.Build.0 = Debug|Any CPU
		{48FEC7D1-DC35-4076-9000-09A0B1FAB35A}.Release|Any CPU.ActiveCfg = Release|Any CPU
		{48FEC7D1-DC35-4076-9000-09A0B1FAB35A}.Release|Any CPU.Build.0 = Release|Any CPU
		{BC6E98DA-051E-4B55-8206-0AEEB2ED9EBC}.Debug|Any CPU.ActiveCfg = Debug|Any CPU
		{BC6E98DA-051E-4B55-8206-0AEEB2ED9EBC}.Debug|Any CPU.Build.0 = Debug|Any CPU
		{BC6E98DA-051E-4B55-8206-0AEEB2ED9EBC}.Debug|Any CPU.Deploy.0 = Debug|Any CPU
		{BC6E98DA-051E-4B55-8206-0AEEB2ED9EBC}.Release|Any CPU.ActiveCfg = Release|Any CPU
		{BC6E98DA-051E-4B55-8206-0AEEB2ED9EBC}.Release|Any CPU.Build.0 = Release|Any CPU
		{BC6E98DA-051E-4B55-8206-0AEEB2ED9EBC}.Release|Any CPU.Deploy.0 = Release|Any CPU
		{1BCD99D1-A345-4538-ACF1-C16C8EA56FF5}.Debug|Any CPU.ActiveCfg = Debug|Any CPU
		{1BCD99D1-A345-4538-ACF1-C16C8EA56FF5}.Debug|Any CPU.Build.0 = Debug|Any CPU
		{1BCD99D1-A345-4538-ACF1-C16C8EA56FF5}.Release|Any CPU.ActiveCfg = Release|Any CPU
		{1BCD99D1-A345-4538-ACF1-C16C8EA56FF5}.Release|Any CPU.Build.0 = Release|Any CPU
		{F149DAB7-9FEF-4F96-9517-D93F1DB226C5}.Debug|Any CPU.ActiveCfg = Debug|Any CPU
		{F149DAB7-9FEF-4F96-9517-D93F1DB226C5}.Debug|Any CPU.Build.0 = Debug|Any CPU
		{F149DAB7-9FEF-4F96-9517-D93F1DB226C5}.Release|Any CPU.ActiveCfg = Release|Any CPU
		{F149DAB7-9FEF-4F96-9517-D93F1DB226C5}.Release|Any CPU.Build.0 = Release|Any CPU
		{D602905B-0B5C-40BC-A30B-9B2265B06C79}.Debug|Any CPU.ActiveCfg = Debug|Any CPU
		{D602905B-0B5C-40BC-A30B-9B2265B06C79}.Debug|Any CPU.Build.0 = Debug|Any CPU
		{D602905B-0B5C-40BC-A30B-9B2265B06C79}.Release|Any CPU.ActiveCfg = Release|Any CPU
		{D602905B-0B5C-40BC-A30B-9B2265B06C79}.Release|Any CPU.Build.0 = Release|Any CPU
		{FC6A3115-3144-4B40-86AD-EFCA386F051E}.Debug|Any CPU.ActiveCfg = Debug|Any CPU
		{FC6A3115-3144-4B40-86AD-EFCA386F051E}.Debug|Any CPU.Build.0 = Debug|Any CPU
		{FC6A3115-3144-4B40-86AD-EFCA386F051E}.Release|Any CPU.ActiveCfg = Release|Any CPU
		{FC6A3115-3144-4B40-86AD-EFCA386F051E}.Release|Any CPU.Build.0 = Release|Any CPU
		{542A7693-7234-46BA-856A-DC52D207E207}.Debug|Any CPU.ActiveCfg = Debug|Any CPU
		{542A7693-7234-46BA-856A-DC52D207E207}.Debug|Any CPU.Build.0 = Debug|Any CPU
		{542A7693-7234-46BA-856A-DC52D207E207}.Release|Any CPU.ActiveCfg = Release|Any CPU
		{542A7693-7234-46BA-856A-DC52D207E207}.Release|Any CPU.Build.0 = Release|Any CPU
		{C0900683-E271-4E49-91FB-BBA7BFB00093}.Debug|Any CPU.ActiveCfg = Debug|Any CPU
		{C0900683-E271-4E49-91FB-BBA7BFB00093}.Debug|Any CPU.Build.0 = Debug|Any CPU
		{C0900683-E271-4E49-91FB-BBA7BFB00093}.Release|Any CPU.ActiveCfg = Release|Any CPU
		{C0900683-E271-4E49-91FB-BBA7BFB00093}.Release|Any CPU.Build.0 = Release|Any CPU
		{8AE0B67D-ECE4-474F-A85C-927D7B69BB44}.Debug|Any CPU.ActiveCfg = Debug|Any CPU
		{8AE0B67D-ECE4-474F-A85C-927D7B69BB44}.Debug|Any CPU.Build.0 = Debug|Any CPU
		{8AE0B67D-ECE4-474F-A85C-927D7B69BB44}.Release|Any CPU.ActiveCfg = Release|Any CPU
		{8AE0B67D-ECE4-474F-A85C-927D7B69BB44}.Release|Any CPU.Build.0 = Release|Any CPU
	EndGlobalSection
	GlobalSection(SolutionProperties) = preSolution
		HideSolutionNode = FALSE
	EndGlobalSection
	GlobalSection(ExtensibilityGlobals) = postSolution
		SolutionGuid = {E100B892-4D82-40C7-855B-CF69BAB27F52}
	EndGlobalSection
EndGlobal
